// !$*UTF8*$!
{
	archiveVersion = 1;
	classes = {
	};
	objectVersion = 50;
	objects = {

/* Begin PBXBuildFile section */
		4FBAAC992694A3D000142746 /* AppDelegate.swift in Sources */ = {isa = PBXBuildFile; fileRef = 4FBAAC982694A3D000142746 /* AppDelegate.swift */; };
		4FBAAC9B2694A3D000142746 /* SceneDelegate.swift in Sources */ = {isa = PBXBuildFile; fileRef = 4FBAAC9A2694A3D000142746 /* SceneDelegate.swift */; };
		4FBAAC9D2694A3D000142746 /* CocktailsListViewController.swift in Sources */ = {isa = PBXBuildFile; fileRef = 4FBAAC9C2694A3D000142746 /* CocktailsListViewController.swift */; };
		4FBAACA02694A3D000142746 /* Main.storyboard in Resources */ = {isa = PBXBuildFile; fileRef = 4FBAAC9E2694A3D000142746 /* Main.storyboard */; };
		4FBAACA22694A3D100142746 /* Assets.xcassets in Resources */ = {isa = PBXBuildFile; fileRef = 4FBAACA12694A3D100142746 /* Assets.xcassets */; };
		4FBAACA52694A3D100142746 /* LaunchScreen.storyboard in Resources */ = {isa = PBXBuildFile; fileRef = 4FBAACA32694A3D100142746 /* LaunchScreen.storyboard */; };
		4FBAACB02694A3D100142746 /* CocktailsListServiceTests.swift in Sources */ = {isa = PBXBuildFile; fileRef = 4FBAACAF2694A3D100142746 /* CocktailsListServiceTests.swift */; };
		4FBAACBB2694A3D100142746 /* CocktailsAppUITests.swift in Sources */ = {isa = PBXBuildFile; fileRef = 4FBAACBA2694A3D100142746 /* CocktailsAppUITests.swift */; };
		4FBAACCA2694A4AA00142746 /* CocktailsListService.swift in Sources */ = {isa = PBXBuildFile; fileRef = 4FBAACC92694A4AA00142746 /* CocktailsListService.swift */; };
		4FBAACCD2694A66F00142746 /* DrinksModel.swift in Sources */ = {isa = PBXBuildFile; fileRef = 4FBAACCC2694A66F00142746 /* DrinksModel.swift */; };
		4FBAACCF2694A6DB00142746 /* CocktailsBasicInfoModel.swift in Sources */ = {isa = PBXBuildFile; fileRef = 4FBAACCE2694A6DB00142746 /* CocktailsBasicInfoModel.swift */; };
		4FBAACD42694AA2500142746 /* CocktailTableViewCell.swift in Sources */ = {isa = PBXBuildFile; fileRef = 4FBAACD22694AA2500142746 /* CocktailTableViewCell.swift */; };
		4FBAACD82694ABEF00142746 /* Box.swift in Sources */ = {isa = PBXBuildFile; fileRef = 4FBAACD72694ABEF00142746 /* Box.swift */; };
		4FBAACDB2694ADD800142746 /* CocktailsListViewModel.swift in Sources */ = {isa = PBXBuildFile; fileRef = 4FBAACDA2694ADD800142746 /* CocktailsListViewModel.swift */; };
		4FBAACDD2694B47700142746 /* Extensions.swift in Sources */ = {isa = PBXBuildFile; fileRef = 4FBAACDC2694B47700142746 /* Extensions.swift */; };
		4FBAACDF2694B98D00142746 /* CocktailDetailViewController.swift in Sources */ = {isa = PBXBuildFile; fileRef = 4FBAACDE2694B98C00142746 /* CocktailDetailViewController.swift */; };
		4FBAACE12694BAEE00142746 /* CocktailDetailService.swift in Sources */ = {isa = PBXBuildFile; fileRef = 4FBAACE02694BAEE00142746 /* CocktailDetailService.swift */; };
		4FBAACE32694BB3100142746 /* CocktailDetailModel.swift in Sources */ = {isa = PBXBuildFile; fileRef = 4FBAACE22694BB3100142746 /* CocktailDetailModel.swift */; };
		4FBAACE52694BBF300142746 /* CocktailDetailViewModel.swift in Sources */ = {isa = PBXBuildFile; fileRef = 4FBAACE42694BBF300142746 /* CocktailDetailViewModel.swift */; };
		4FBAACE72694BE8500142746 /* DrinkDetailModel.swift in Sources */ = {isa = PBXBuildFile; fileRef = 4FBAACE62694BE8500142746 /* DrinkDetailModel.swift */; };
		4FBAACEA2694D34D00142746 /* Utils.swift in Sources */ = {isa = PBXBuildFile; fileRef = 4FBAACE92694D34D00142746 /* Utils.swift */; };
		4FBAACEE2694D9A400142746 /* CocktailsListServiceMock.swift in Sources */ = {isa = PBXBuildFile; fileRef = 4FBAACED2694D9A400142746 /* CocktailsListServiceMock.swift */; };
		4FBAACF12694DA2900142746 /* CocktailsListServiceProtocol.swift in Sources */ = {isa = PBXBuildFile; fileRef = 4FBAACF02694DA2900142746 /* CocktailsListServiceProtocol.swift */; };
		4FBAACF32694DA3700142746 /* CocktailDetailServiceProtocol.swift in Sources */ = {isa = PBXBuildFile; fileRef = 4FBAACF22694DA3700142746 /* CocktailDetailServiceProtocol.swift */; };
		4FBAACF62694DDFF00142746 /* CocktailDetailServiceMock.swift in Sources */ = {isa = PBXBuildFile; fileRef = 4FBAACF52694DDFF00142746 /* CocktailDetailServiceMock.swift */; };
		4FBAACF82694DF8A00142746 /* CocktailDetailServiceTest.swift in Sources */ = {isa = PBXBuildFile; fileRef = 4FBAACF72694DF8A00142746 /* CocktailDetailServiceTest.swift */; };
/* End PBXBuildFile section */

/* Begin PBXContainerItemProxy section */
		4FBAACAC2694A3D100142746 /* PBXContainerItemProxy */ = {
			isa = PBXContainerItemProxy;
			containerPortal = 4FBAAC8D2694A3D000142746 /* Project object */;
			proxyType = 1;
			remoteGlobalIDString = 4FBAAC942694A3D000142746;
			remoteInfo = CocktailsApp;
		};
		4FBAACB72694A3D100142746 /* PBXContainerItemProxy */ = {
			isa = PBXContainerItemProxy;
			containerPortal = 4FBAAC8D2694A3D000142746 /* Project object */;
			proxyType = 1;
			remoteGlobalIDString = 4FBAAC942694A3D000142746;
			remoteInfo = CocktailsApp;
		};
/* End PBXContainerItemProxy section */

/* Begin PBXFileReference section */
		4FBAAC952694A3D000142746 /* CocktailsApp.app */ = {isa = PBXFileReference; explicitFileType = wrapper.application; includeInIndex = 0; path = CocktailsApp.app; sourceTree = BUILT_PRODUCTS_DIR; };
		4FBAAC982694A3D000142746 /* AppDelegate.swift */ = {isa = PBXFileReference; lastKnownFileType = sourcecode.swift; path = AppDelegate.swift; sourceTree = "<group>"; };
		4FBAAC9A2694A3D000142746 /* SceneDelegate.swift */ = {isa = PBXFileReference; lastKnownFileType = sourcecode.swift; path = SceneDelegate.swift; sourceTree = "<group>"; };
		4FBAAC9C2694A3D000142746 /* CocktailsListViewController.swift */ = {isa = PBXFileReference; lastKnownFileType = sourcecode.swift; path = CocktailsListViewController.swift; sourceTree = "<group>"; };
		4FBAAC9F2694A3D000142746 /* Base */ = {isa = PBXFileReference; lastKnownFileType = file.storyboard; name = Base; path = Base.lproj/Main.storyboard; sourceTree = "<group>"; };
		4FBAACA12694A3D100142746 /* Assets.xcassets */ = {isa = PBXFileReference; lastKnownFileType = folder.assetcatalog; path = Assets.xcassets; sourceTree = "<group>"; };
		4FBAACA42694A3D100142746 /* Base */ = {isa = PBXFileReference; lastKnownFileType = file.storyboard; name = Base; path = Base.lproj/LaunchScreen.storyboard; sourceTree = "<group>"; };
		4FBAACA62694A3D100142746 /* Info.plist */ = {isa = PBXFileReference; lastKnownFileType = text.plist.xml; path = Info.plist; sourceTree = "<group>"; };
		4FBAACAB2694A3D100142746 /* CocktailsAppTests.xctest */ = {isa = PBXFileReference; explicitFileType = wrapper.cfbundle; includeInIndex = 0; path = CocktailsAppTests.xctest; sourceTree = BUILT_PRODUCTS_DIR; };
		4FBAACAF2694A3D100142746 /* CocktailsListServiceTests.swift */ = {isa = PBXFileReference; lastKnownFileType = sourcecode.swift; path = CocktailsListServiceTests.swift; sourceTree = "<group>"; };
		4FBAACB12694A3D100142746 /* Info.plist */ = {isa = PBXFileReference; lastKnownFileType = text.plist.xml; path = Info.plist; sourceTree = "<group>"; };
		4FBAACB62694A3D100142746 /* CocktailsAppUITests.xctest */ = {isa = PBXFileReference; explicitFileType = wrapper.cfbundle; includeInIndex = 0; path = CocktailsAppUITests.xctest; sourceTree = BUILT_PRODUCTS_DIR; };
		4FBAACBA2694A3D100142746 /* CocktailsAppUITests.swift */ = {isa = PBXFileReference; lastKnownFileType = sourcecode.swift; path = CocktailsAppUITests.swift; sourceTree = "<group>"; };
		4FBAACBC2694A3D100142746 /* Info.plist */ = {isa = PBXFileReference; lastKnownFileType = text.plist.xml; path = Info.plist; sourceTree = "<group>"; };
		4FBAACC92694A4AA00142746 /* CocktailsListService.swift */ = {isa = PBXFileReference; lastKnownFileType = sourcecode.swift; path = CocktailsListService.swift; sourceTree = "<group>"; };
		4FBAACCC2694A66F00142746 /* DrinksModel.swift */ = {isa = PBXFileReference; lastKnownFileType = sourcecode.swift; path = DrinksModel.swift; sourceTree = "<group>"; };
		4FBAACCE2694A6DB00142746 /* CocktailsBasicInfoModel.swift */ = {isa = PBXFileReference; lastKnownFileType = sourcecode.swift; path = CocktailsBasicInfoModel.swift; sourceTree = "<group>"; };
		4FBAACD22694AA2500142746 /* CocktailTableViewCell.swift */ = {isa = PBXFileReference; lastKnownFileType = sourcecode.swift; path = CocktailTableViewCell.swift; sourceTree = "<group>"; };
		4FBAACD72694ABEF00142746 /* Box.swift */ = {isa = PBXFileReference; lastKnownFileType = sourcecode.swift; path = Box.swift; sourceTree = "<group>"; };
		4FBAACDA2694ADD800142746 /* CocktailsListViewModel.swift */ = {isa = PBXFileReference; lastKnownFileType = sourcecode.swift; path = CocktailsListViewModel.swift; sourceTree = "<group>"; };
		4FBAACDC2694B47700142746 /* Extensions.swift */ = {isa = PBXFileReference; lastKnownFileType = sourcecode.swift; path = Extensions.swift; sourceTree = "<group>"; };
		4FBAACDE2694B98C00142746 /* CocktailDetailViewController.swift */ = {isa = PBXFileReference; lastKnownFileType = sourcecode.swift; path = CocktailDetailViewController.swift; sourceTree = "<group>"; };
		4FBAACE02694BAEE00142746 /* CocktailDetailService.swift */ = {isa = PBXFileReference; lastKnownFileType = sourcecode.swift; path = CocktailDetailService.swift; sourceTree = "<group>"; };
		4FBAACE22694BB3100142746 /* CocktailDetailModel.swift */ = {isa = PBXFileReference; lastKnownFileType = sourcecode.swift; path = CocktailDetailModel.swift; sourceTree = "<group>"; };
		4FBAACE42694BBF300142746 /* CocktailDetailViewModel.swift */ = {isa = PBXFileReference; lastKnownFileType = sourcecode.swift; path = CocktailDetailViewModel.swift; sourceTree = "<group>"; };
		4FBAACE62694BE8500142746 /* DrinkDetailModel.swift */ = {isa = PBXFileReference; lastKnownFileType = sourcecode.swift; path = DrinkDetailModel.swift; sourceTree = "<group>"; };
		4FBAACE92694D34D00142746 /* Utils.swift */ = {isa = PBXFileReference; lastKnownFileType = sourcecode.swift; path = Utils.swift; sourceTree = "<group>"; };
		4FBAACED2694D9A400142746 /* CocktailsListServiceMock.swift */ = {isa = PBXFileReference; lastKnownFileType = sourcecode.swift; path = CocktailsListServiceMock.swift; sourceTree = "<group>"; };
		4FBAACF02694DA2900142746 /* CocktailsListServiceProtocol.swift */ = {isa = PBXFileReference; lastKnownFileType = sourcecode.swift; path = CocktailsListServiceProtocol.swift; sourceTree = "<group>"; };
		4FBAACF22694DA3700142746 /* CocktailDetailServiceProtocol.swift */ = {isa = PBXFileReference; lastKnownFileType = sourcecode.swift; path = CocktailDetailServiceProtocol.swift; sourceTree = "<group>"; };
		4FBAACF52694DDFF00142746 /* CocktailDetailServiceMock.swift */ = {isa = PBXFileReference; lastKnownFileType = sourcecode.swift; path = CocktailDetailServiceMock.swift; sourceTree = "<group>"; };
		4FBAACF72694DF8A00142746 /* CocktailDetailServiceTest.swift */ = {isa = PBXFileReference; lastKnownFileType = sourcecode.swift; path = CocktailDetailServiceTest.swift; sourceTree = "<group>"; };
/* End PBXFileReference section */

/* Begin PBXFrameworksBuildPhase section */
		4FBAAC922694A3D000142746 /* Frameworks */ = {
			isa = PBXFrameworksBuildPhase;
			buildActionMask = 2147483647;
			files = (
			);
			runOnlyForDeploymentPostprocessing = 0;
		};
		4FBAACA82694A3D100142746 /* Frameworks */ = {
			isa = PBXFrameworksBuildPhase;
			buildActionMask = 2147483647;
			files = (
			);
			runOnlyForDeploymentPostprocessing = 0;
		};
		4FBAACB32694A3D100142746 /* Frameworks */ = {
			isa = PBXFrameworksBuildPhase;
			buildActionMask = 2147483647;
			files = (
			);
			runOnlyForDeploymentPostprocessing = 0;
		};
/* End PBXFrameworksBuildPhase section */

/* Begin PBXGroup section */
		4FBAAC8C2694A3D000142746 = {
			isa = PBXGroup;
			children = (
				4FBAAC972694A3D000142746 /* CocktailsApp */,
				4FBAACAE2694A3D100142746 /* CocktailsAppTests */,
				4FBAACB92694A3D100142746 /* CocktailsAppUITests */,
				4FBAAC962694A3D000142746 /* Products */,
			);
			sourceTree = "<group>";
		};
		4FBAAC962694A3D000142746 /* Products */ = {
			isa = PBXGroup;
			children = (
				4FBAAC952694A3D000142746 /* CocktailsApp.app */,
				4FBAACAB2694A3D100142746 /* CocktailsAppTests.xctest */,
				4FBAACB62694A3D100142746 /* CocktailsAppUITests.xctest */,
			);
			name = Products;
			sourceTree = "<group>";
		};
		4FBAAC972694A3D000142746 /* CocktailsApp */ = {
			isa = PBXGroup;
			children = (
				4FBAACCB2694A64600142746 /* Models */,
				4FBAACD92694ADB800142746 /* ViewModels */,
				4FBAACD02694A97200142746 /* Views */,
				4FBAACC82694A48D00142746 /* Services */,
				4FBAACD62694ABD200142746 /* Utilities */,
				4FBAAC982694A3D000142746 /* AppDelegate.swift */,
				4FBAAC9A2694A3D000142746 /* SceneDelegate.swift */,
				4FBAAC9E2694A3D000142746 /* Main.storyboard */,
				4FBAACA12694A3D100142746 /* Assets.xcassets */,
				4FBAACA32694A3D100142746 /* LaunchScreen.storyboard */,
				4FBAACA62694A3D100142746 /* Info.plist */,
			);
			path = CocktailsApp;
			sourceTree = "<group>";
		};
		4FBAACAE2694A3D100142746 /* CocktailsAppTests */ = {
			isa = PBXGroup;
			children = (
				4FBAACEB2694D96800142746 /* Mocks */,
				4FBAACAF2694A3D100142746 /* CocktailsListServiceTests.swift */,
				4FBAACF72694DF8A00142746 /* CocktailDetailServiceTest.swift */,
				4FBAACB12694A3D100142746 /* Info.plist */,
			);
			path = CocktailsAppTests;
			sourceTree = "<group>";
		};
		4FBAACB92694A3D100142746 /* CocktailsAppUITests */ = {
			isa = PBXGroup;
			children = (
				4FBAACBA2694A3D100142746 /* CocktailsAppUITests.swift */,
				4FBAACBC2694A3D100142746 /* Info.plist */,
			);
			path = CocktailsAppUITests;
			sourceTree = "<group>";
		};
		4FBAACC82694A48D00142746 /* Services */ = {
			isa = PBXGroup;
			children = (
				4FBAACEF2694DA1300142746 /* Protocols */,
				4FBAACC92694A4AA00142746 /* CocktailsListService.swift */,
				4FBAACE02694BAEE00142746 /* CocktailDetailService.swift */,
			);
			path = Services;
			sourceTree = "<group>";
		};
		4FBAACCB2694A64600142746 /* Models */ = {
			isa = PBXGroup;
			children = (
				4FBAACCC2694A66F00142746 /* DrinksModel.swift */,
				4FBAACCE2694A6DB00142746 /* CocktailsBasicInfoModel.swift */,
				4FBAACE62694BE8500142746 /* DrinkDetailModel.swift */,
				4FBAACE22694BB3100142746 /* CocktailDetailModel.swift */,
			);
			path = Models;
			sourceTree = "<group>";
		};
		4FBAACD02694A97200142746 /* Views */ = {
			isa = PBXGroup;
			children = (
				4FBAACD12694A9E100142746 /* Cells */,
				4FBAAC9C2694A3D000142746 /* CocktailsListViewController.swift */,
				4FBAACDE2694B98C00142746 /* CocktailDetailViewController.swift */,
			);
			path = Views;
			sourceTree = "<group>";
		};
		4FBAACD12694A9E100142746 /* Cells */ = {
			isa = PBXGroup;
			children = (
				4FBAACD22694AA2500142746 /* CocktailTableViewCell.swift */,
			);
			path = Cells;
			sourceTree = "<group>";
		};
		4FBAACD62694ABD200142746 /* Utilities */ = {
			isa = PBXGroup;
			children = (
				4FBAACD72694ABEF00142746 /* Box.swift */,
				4FBAACDC2694B47700142746 /* Extensions.swift */,
				4FBAACE92694D34D00142746 /* Utils.swift */,
			);
			path = Utilities;
			sourceTree = "<group>";
		};
		4FBAACD92694ADB800142746 /* ViewModels */ = {
			isa = PBXGroup;
			children = (
				4FBAACDA2694ADD800142746 /* CocktailsListViewModel.swift */,
				4FBAACE42694BBF300142746 /* CocktailDetailViewModel.swift */,
			);
			path = ViewModels;
			sourceTree = "<group>";
		};
		4FBAACEB2694D96800142746 /* Mocks */ = {
			isa = PBXGroup;
			children = (
				4FBAACED2694D9A400142746 /* CocktailsListServiceMock.swift */,
				4FBAACF52694DDFF00142746 /* CocktailDetailServiceMock.swift */,
			);
			path = Mocks;
			sourceTree = "<group>";
		};
		4FBAACEF2694DA1300142746 /* Protocols */ = {
			isa = PBXGroup;
			children = (
				4FBAACF02694DA2900142746 /* CocktailsListServiceProtocol.swift */,
				4FBAACF22694DA3700142746 /* CocktailDetailServiceProtocol.swift */,
			);
			path = Protocols;
			sourceTree = "<group>";
		};
/* End PBXGroup section */

/* Begin PBXNativeTarget section */
		4FBAAC942694A3D000142746 /* CocktailsApp */ = {
			isa = PBXNativeTarget;
			buildConfigurationList = 4FBAACBF2694A3D100142746 /* Build configuration list for PBXNativeTarget "CocktailsApp" */;
			buildPhases = (
				4FBAAC912694A3D000142746 /* Sources */,
				4FBAAC922694A3D000142746 /* Frameworks */,
				4FBAAC932694A3D000142746 /* Resources */,
			);
			buildRules = (
			);
			dependencies = (
			);
			name = CocktailsApp;
			productName = CocktailsApp;
			productReference = 4FBAAC952694A3D000142746 /* CocktailsApp.app */;
			productType = "com.apple.product-type.application";
		};
		4FBAACAA2694A3D100142746 /* CocktailsAppTests */ = {
			isa = PBXNativeTarget;
			buildConfigurationList = 4FBAACC22694A3D100142746 /* Build configuration list for PBXNativeTarget "CocktailsAppTests" */;
			buildPhases = (
				4FBAACA72694A3D100142746 /* Sources */,
				4FBAACA82694A3D100142746 /* Frameworks */,
				4FBAACA92694A3D100142746 /* Resources */,
			);
			buildRules = (
			);
			dependencies = (
				4FBAACAD2694A3D100142746 /* PBXTargetDependency */,
			);
			name = CocktailsAppTests;
			productName = CocktailsAppTests;
			productReference = 4FBAACAB2694A3D100142746 /* CocktailsAppTests.xctest */;
			productType = "com.apple.product-type.bundle.unit-test";
		};
		4FBAACB52694A3D100142746 /* CocktailsAppUITests */ = {
			isa = PBXNativeTarget;
			buildConfigurationList = 4FBAACC52694A3D100142746 /* Build configuration list for PBXNativeTarget "CocktailsAppUITests" */;
			buildPhases = (
				4FBAACB22694A3D100142746 /* Sources */,
				4FBAACB32694A3D100142746 /* Frameworks */,
				4FBAACB42694A3D100142746 /* Resources */,
			);
			buildRules = (
			);
			dependencies = (
				4FBAACB82694A3D100142746 /* PBXTargetDependency */,
			);
			name = CocktailsAppUITests;
			productName = CocktailsAppUITests;
			productReference = 4FBAACB62694A3D100142746 /* CocktailsAppUITests.xctest */;
			productType = "com.apple.product-type.bundle.ui-testing";
		};
/* End PBXNativeTarget section */

/* Begin PBXProject section */
		4FBAAC8D2694A3D000142746 /* Project object */ = {
			isa = PBXProject;
			attributes = {
				LastSwiftUpdateCheck = 1250;
				LastUpgradeCheck = 1250;
				TargetAttributes = {
					4FBAAC942694A3D000142746 = {
						CreatedOnToolsVersion = 12.5;
					};
					4FBAACAA2694A3D100142746 = {
						CreatedOnToolsVersion = 12.5;
						TestTargetID = 4FBAAC942694A3D000142746;
					};
					4FBAACB52694A3D100142746 = {
						CreatedOnToolsVersion = 12.5;
						TestTargetID = 4FBAAC942694A3D000142746;
					};
				};
			};
			buildConfigurationList = 4FBAAC902694A3D000142746 /* Build configuration list for PBXProject "CocktailsApp" */;
			compatibilityVersion = "Xcode 9.3";
			developmentRegion = en;
			hasScannedForEncodings = 0;
			knownRegions = (
				en,
				Base,
			);
			mainGroup = 4FBAAC8C2694A3D000142746;
			productRefGroup = 4FBAAC962694A3D000142746 /* Products */;
			projectDirPath = "";
			projectRoot = "";
			targets = (
				4FBAAC942694A3D000142746 /* CocktailsApp */,
				4FBAACAA2694A3D100142746 /* CocktailsAppTests */,
				4FBAACB52694A3D100142746 /* CocktailsAppUITests */,
			);
		};
/* End PBXProject section */

/* Begin PBXResourcesBuildPhase section */
		4FBAAC932694A3D000142746 /* Resources */ = {
			isa = PBXResourcesBuildPhase;
			buildActionMask = 2147483647;
			files = (
				4FBAACA52694A3D100142746 /* LaunchScreen.storyboard in Resources */,
				4FBAACA22694A3D100142746 /* Assets.xcassets in Resources */,
				4FBAACA02694A3D000142746 /* Main.storyboard in Resources */,
			);
			runOnlyForDeploymentPostprocessing = 0;
		};
		4FBAACA92694A3D100142746 /* Resources */ = {
			isa = PBXResourcesBuildPhase;
			buildActionMask = 2147483647;
			files = (
			);
			runOnlyForDeploymentPostprocessing = 0;
		};
		4FBAACB42694A3D100142746 /* Resources */ = {
			isa = PBXResourcesBuildPhase;
			buildActionMask = 2147483647;
			files = (
			);
			runOnlyForDeploymentPostprocessing = 0;
		};
/* End PBXResourcesBuildPhase section */

/* Begin PBXSourcesBuildPhase section */
		4FBAAC912694A3D000142746 /* Sources */ = {
			isa = PBXSourcesBuildPhase;
			buildActionMask = 2147483647;
			files = (
				4FBAAC9D2694A3D000142746 /* CocktailsListViewController.swift in Sources */,
				4FBAACDF2694B98D00142746 /* CocktailDetailViewController.swift in Sources */,
				4FBAACE32694BB3100142746 /* CocktailDetailModel.swift in Sources */,
				4FBAACDB2694ADD800142746 /* CocktailsListViewModel.swift in Sources */,
				4FBAACCF2694A6DB00142746 /* CocktailsBasicInfoModel.swift in Sources */,
				4FBAACE72694BE8500142746 /* DrinkDetailModel.swift in Sources */,
				4FBAACE12694BAEE00142746 /* CocktailDetailService.swift in Sources */,
				4FBAACEA2694D34D00142746 /* Utils.swift in Sources */,
				4FBAACD42694AA2500142746 /* CocktailTableViewCell.swift in Sources */,
				4FBAACF12694DA2900142746 /* CocktailsListServiceProtocol.swift in Sources */,
				4FBAACF32694DA3700142746 /* CocktailDetailServiceProtocol.swift in Sources */,
				4FBAAC992694A3D000142746 /* AppDelegate.swift in Sources */,
				4FBAACDD2694B47700142746 /* Extensions.swift in Sources */,
				4FBAACCD2694A66F00142746 /* DrinksModel.swift in Sources */,
				4FBAACD82694ABEF00142746 /* Box.swift in Sources */,
				4FBAAC9B2694A3D000142746 /* SceneDelegate.swift in Sources */,
				4FBAACCA2694A4AA00142746 /* CocktailsListService.swift in Sources */,
				4FBAACE52694BBF300142746 /* CocktailDetailViewModel.swift in Sources */,
			);
			runOnlyForDeploymentPostprocessing = 0;
		};
		4FBAACA72694A3D100142746 /* Sources */ = {
			isa = PBXSourcesBuildPhase;
			buildActionMask = 2147483647;
			files = (
				4FBAACF82694DF8A00142746 /* CocktailDetailServiceTest.swift in Sources */,
				4FBAACF62694DDFF00142746 /* CocktailDetailServiceMock.swift in Sources */,
				4FBAACEE2694D9A400142746 /* CocktailsListServiceMock.swift in Sources */,
				4FBAACB02694A3D100142746 /* CocktailsListServiceTests.swift in Sources */,
			);
			runOnlyForDeploymentPostprocessing = 0;
		};
		4FBAACB22694A3D100142746 /* Sources */ = {
			isa = PBXSourcesBuildPhase;
			buildActionMask = 2147483647;
			files = (
				4FBAACBB2694A3D100142746 /* CocktailsAppUITests.swift in Sources */,
			);
			runOnlyForDeploymentPostprocessing = 0;
		};
/* End PBXSourcesBuildPhase section */

/* Begin PBXTargetDependency section */
		4FBAACAD2694A3D100142746 /* PBXTargetDependency */ = {
			isa = PBXTargetDependency;
			target = 4FBAAC942694A3D000142746 /* CocktailsApp */;
			targetProxy = 4FBAACAC2694A3D100142746 /* PBXContainerItemProxy */;
		};
		4FBAACB82694A3D100142746 /* PBXTargetDependency */ = {
			isa = PBXTargetDependency;
			target = 4FBAAC942694A3D000142746 /* CocktailsApp */;
			targetProxy = 4FBAACB72694A3D100142746 /* PBXContainerItemProxy */;
		};
/* End PBXTargetDependency section */

/* Begin PBXVariantGroup section */
		4FBAAC9E2694A3D000142746 /* Main.storyboard */ = {
			isa = PBXVariantGroup;
			children = (
				4FBAAC9F2694A3D000142746 /* Base */,
			);
			name = Main.storyboard;
			sourceTree = "<group>";
		};
		4FBAACA32694A3D100142746 /* LaunchScreen.storyboard */ = {
			isa = PBXVariantGroup;
			children = (
				4FBAACA42694A3D100142746 /* Base */,
			);
			name = LaunchScreen.storyboard;
			sourceTree = "<group>";
		};
/* End PBXVariantGroup section */

/* Begin XCBuildConfiguration section */
		4FBAACBD2694A3D100142746 /* Debug */ = {
			isa = XCBuildConfiguration;
			buildSettings = {
				ALWAYS_SEARCH_USER_PATHS = NO;
				CLANG_ANALYZER_NONNULL = YES;
				CLANG_ANALYZER_NUMBER_OBJECT_CONVERSION = YES_AGGRESSIVE;
				CLANG_CXX_LANGUAGE_STANDARD = "gnu++14";
				CLANG_CXX_LIBRARY = "libc++";
				CLANG_ENABLE_MODULES = YES;
				CLANG_ENABLE_OBJC_ARC = YES;
				CLANG_ENABLE_OBJC_WEAK = YES;
				CLANG_WARN_BLOCK_CAPTURE_AUTORELEASING = YES;
				CLANG_WARN_BOOL_CONVERSION = YES;
				CLANG_WARN_COMMA = YES;
				CLANG_WARN_CONSTANT_CONVERSION = YES;
				CLANG_WARN_DEPRECATED_OBJC_IMPLEMENTATIONS = YES;
				CLANG_WARN_DIRECT_OBJC_ISA_USAGE = YES_ERROR;
				CLANG_WARN_DOCUMENTATION_COMMENTS = YES;
				CLANG_WARN_EMPTY_BODY = YES;
				CLANG_WARN_ENUM_CONVERSION = YES;
				CLANG_WARN_INFINITE_RECURSION = YES;
				CLANG_WARN_INT_CONVERSION = YES;
				CLANG_WARN_NON_LITERAL_NULL_CONVERSION = YES;
				CLANG_WARN_OBJC_IMPLICIT_RETAIN_SELF = YES;
				CLANG_WARN_OBJC_LITERAL_CONVERSION = YES;
				CLANG_WARN_OBJC_ROOT_CLASS = YES_ERROR;
				CLANG_WARN_QUOTED_INCLUDE_IN_FRAMEWORK_HEADER = YES;
				CLANG_WARN_RANGE_LOOP_ANALYSIS = YES;
				CLANG_WARN_STRICT_PROTOTYPES = YES;
				CLANG_WARN_SUSPICIOUS_MOVE = YES;
				CLANG_WARN_UNGUARDED_AVAILABILITY = YES_AGGRESSIVE;
				CLANG_WARN_UNREACHABLE_CODE = YES;
				CLANG_WARN__DUPLICATE_METHOD_MATCH = YES;
				COPY_PHASE_STRIP = NO;
				DEBUG_INFORMATION_FORMAT = dwarf;
				ENABLE_STRICT_OBJC_MSGSEND = YES;
				ENABLE_TESTABILITY = YES;
				GCC_C_LANGUAGE_STANDARD = gnu11;
				GCC_DYNAMIC_NO_PIC = NO;
				GCC_NO_COMMON_BLOCKS = YES;
				GCC_OPTIMIZATION_LEVEL = 0;
				GCC_PREPROCESSOR_DEFINITIONS = (
					"DEBUG=1",
					"$(inherited)",
				);
				GCC_WARN_64_TO_32_BIT_CONVERSION = YES;
				GCC_WARN_ABOUT_RETURN_TYPE = YES_ERROR;
				GCC_WARN_UNDECLARED_SELECTOR = YES;
				GCC_WARN_UNINITIALIZED_AUTOS = YES_AGGRESSIVE;
				GCC_WARN_UNUSED_FUNCTION = YES;
				GCC_WARN_UNUSED_VARIABLE = YES;
				IPHONEOS_DEPLOYMENT_TARGET = 14.5;
				MTL_ENABLE_DEBUG_INFO = INCLUDE_SOURCE;
				MTL_FAST_MATH = YES;
				ONLY_ACTIVE_ARCH = YES;
				SDKROOT = iphoneos;
				SWIFT_ACTIVE_COMPILATION_CONDITIONS = DEBUG;
				SWIFT_OPTIMIZATION_LEVEL = "-Onone";
			};
			name = Debug;
		};
		4FBAACBE2694A3D100142746 /* Release */ = {
			isa = XCBuildConfiguration;
			buildSettings = {
				ALWAYS_SEARCH_USER_PATHS = NO;
				CLANG_ANALYZER_NONNULL = YES;
				CLANG_ANALYZER_NUMBER_OBJECT_CONVERSION = YES_AGGRESSIVE;
				CLANG_CXX_LANGUAGE_STANDARD = "gnu++14";
				CLANG_CXX_LIBRARY = "libc++";
				CLANG_ENABLE_MODULES = YES;
				CLANG_ENABLE_OBJC_ARC = YES;
				CLANG_ENABLE_OBJC_WEAK = YES;
				CLANG_WARN_BLOCK_CAPTURE_AUTORELEASING = YES;
				CLANG_WARN_BOOL_CONVERSION = YES;
				CLANG_WARN_COMMA = YES;
				CLANG_WARN_CONSTANT_CONVERSION = YES;
				CLANG_WARN_DEPRECATED_OBJC_IMPLEMENTATIONS = YES;
				CLANG_WARN_DIRECT_OBJC_ISA_USAGE = YES_ERROR;
				CLANG_WARN_DOCUMENTATION_COMMENTS = YES;
				CLANG_WARN_EMPTY_BODY = YES;
				CLANG_WARN_ENUM_CONVERSION = YES;
				CLANG_WARN_INFINITE_RECURSION = YES;
				CLANG_WARN_INT_CONVERSION = YES;
				CLANG_WARN_NON_LITERAL_NULL_CONVERSION = YES;
				CLANG_WARN_OBJC_IMPLICIT_RETAIN_SELF = YES;
				CLANG_WARN_OBJC_LITERAL_CONVERSION = YES;
				CLANG_WARN_OBJC_ROOT_CLASS = YES_ERROR;
				CLANG_WARN_QUOTED_INCLUDE_IN_FRAMEWORK_HEADER = YES;
				CLANG_WARN_RANGE_LOOP_ANALYSIS = YES;
				CLANG_WARN_STRICT_PROTOTYPES = YES;
				CLANG_WARN_SUSPICIOUS_MOVE = YES;
				CLANG_WARN_UNGUARDED_AVAILABILITY = YES_AGGRESSIVE;
				CLANG_WARN_UNREACHABLE_CODE = YES;
				CLANG_WARN__DUPLICATE_METHOD_MATCH = YES;
				COPY_PHASE_STRIP = NO;
				DEBUG_INFORMATION_FORMAT = "dwarf-with-dsym";
				ENABLE_NS_ASSERTIONS = NO;
				ENABLE_STRICT_OBJC_MSGSEND = YES;
				GCC_C_LANGUAGE_STANDARD = gnu11;
				GCC_NO_COMMON_BLOCKS = YES;
				GCC_WARN_64_TO_32_BIT_CONVERSION = YES;
				GCC_WARN_ABOUT_RETURN_TYPE = YES_ERROR;
				GCC_WARN_UNDECLARED_SELECTOR = YES;
				GCC_WARN_UNINITIALIZED_AUTOS = YES_AGGRESSIVE;
				GCC_WARN_UNUSED_FUNCTION = YES;
				GCC_WARN_UNUSED_VARIABLE = YES;
				IPHONEOS_DEPLOYMENT_TARGET = 14.5;
				MTL_ENABLE_DEBUG_INFO = NO;
				MTL_FAST_MATH = YES;
				SDKROOT = iphoneos;
				SWIFT_COMPILATION_MODE = wholemodule;
				SWIFT_OPTIMIZATION_LEVEL = "-O";
				VALIDATE_PRODUCT = YES;
			};
			name = Release;
		};
		4FBAACC02694A3D100142746 /* Debug */ = {
			isa = XCBuildConfiguration;
			buildSettings = {
				ASSETCATALOG_COMPILER_APPICON_NAME = AppIcon;
				ASSETCATALOG_COMPILER_GLOBAL_ACCENT_COLOR_NAME = AccentColor;
				CODE_SIGN_STYLE = Automatic;
				DEVELOPMENT_TEAM = 3D23847FTP;
				INFOPLIST_FILE = CocktailsApp/Info.plist;
				LD_RUNPATH_SEARCH_PATHS = (
					"$(inherited)",
					"@executable_path/Frameworks",
				);
				PRODUCT_BUNDLE_IDENTIFIER = ignacio.CocktailsApp;
				PRODUCT_NAME = "$(TARGET_NAME)";
				SWIFT_VERSION = 5.0;
				TARGETED_DEVICE_FAMILY = "1,2";
			};
			name = Debug;
		};
		4FBAACC12694A3D100142746 /* Release */ = {
			isa = XCBuildConfiguration;
			buildSettings = {
				ASSETCATALOG_COMPILER_APPICON_NAME = AppIcon;
				ASSETCATALOG_COMPILER_GLOBAL_ACCENT_COLOR_NAME = AccentColor;
				CODE_SIGN_STYLE = Automatic;
				DEVELOPMENT_TEAM = 3D23847FTP;
				INFOPLIST_FILE = CocktailsApp/Info.plist;
				LD_RUNPATH_SEARCH_PATHS = (
					"$(inherited)",
					"@executable_path/Frameworks",
				);
				PRODUCT_BUNDLE_IDENTIFIER = ignacio.CocktailsApp;
				PRODUCT_NAME = "$(TARGET_NAME)";
				SWIFT_VERSION = 5.0;
				TARGETED_DEVICE_FAMILY = "1,2";
			};
			name = Release;
		};
		4FBAACC32694A3D100142746 /* Debug */ = {
			isa = XCBuildConfiguration;
			buildSettings = {
				ALWAYS_EMBED_SWIFT_STANDARD_LIBRARIES = YES;
				BUNDLE_LOADER = "$(TEST_HOST)";
				CODE_SIGN_STYLE = Automatic;
				DEVELOPMENT_TEAM = 3D23847FTP;
				INFOPLIST_FILE = CocktailsAppTests/Info.plist;
				IPHONEOS_DEPLOYMENT_TARGET = 14.5;
				LD_RUNPATH_SEARCH_PATHS = (
					"$(inherited)",
					"@executable_path/Frameworks",
					"@loader_path/Frameworks",
				);
				PRODUCT_BUNDLE_IDENTIFIER = ignacio.CocktailsAppTests;
				PRODUCT_NAME = "$(TARGET_NAME)";
				SWIFT_VERSION = 5.0;
				TARGETED_DEVICE_FAMILY = "1,2";
				TEST_HOST = "$(BUILT_PRODUCTS_DIR)/CocktailsApp.app/CocktailsApp";
			};
			name = Debug;
		};
		4FBAACC42694A3D100142746 /* Release */ = {
			isa = XCBuildConfiguration;
			buildSettings = {
				ALWAYS_EMBED_SWIFT_STANDARD_LIBRARIES = YES;
				BUNDLE_LOADER = "$(TEST_HOST)";
				CODE_SIGN_STYLE = Automatic;
				DEVELOPMENT_TEAM = 3D23847FTP;
				INFOPLIST_FILE = CocktailsAppTests/Info.plist;
				IPHONEOS_DEPLOYMENT_TARGET = 14.5;
				LD_RUNPATH_SEARCH_PATHS = (
					"$(inherited)",
					"@executable_path/Frameworks",
					"@loader_path/Frameworks",
				);
				PRODUCT_BUNDLE_IDENTIFIER = ignacio.CocktailsAppTests;
				PRODUCT_NAME = "$(TARGET_NAME)";
				SWIFT_VERSION = 5.0;
				TARGETED_DEVICE_FAMILY = "1,2";
				TEST_HOST = "$(BUILT_PRODUCTS_DIR)/CocktailsApp.app/CocktailsApp";
			};
			name = Release;
		};
		4FBAACC62694A3D100142746 /* Debug */ = {
			isa = XCBuildConfiguration;
			buildSettings = {
				ALWAYS_EMBED_SWIFT_STANDARD_LIBRARIES = YES;
				CODE_SIGN_STYLE = Automatic;
				DEVELOPMENT_TEAM = 3D23847FTP;
				INFOPLIST_FILE = CocktailsAppUITests/Info.plist;
				LD_RUNPATH_SEARCH_PATHS = (
					"$(inherited)",
					"@executable_path/Frameworks",
					"@loader_path/Frameworks",
				);
				PRODUCT_BUNDLE_IDENTIFIER = ignacio.CocktailsAppUITests;
				PRODUCT_NAME = "$(TARGET_NAME)";
				SWIFT_VERSION = 5.0;
				TARGETED_DEVICE_FAMILY = "1,2";
				TEST_TARGET_NAME = CocktailsApp;
			};
			name = Debug;
		};
		4FBAACC72694A3D100142746 /* Release */ = {
			isa = XCBuildConfiguration;
			buildSettings = {
				ALWAYS_EMBED_SWIFT_STANDARD_LIBRARIES = YES;
				CODE_SIGN_STYLE = Automatic;
				DEVELOPMENT_TEAM = 3D23847FTP;
				INFOPLIST_FILE = CocktailsAppUITests/Info.plist;
				LD_RUNPATH_SEARCH_PATHS = (
					"$(inherited)",
					"@executable_path/Frameworks",
					"@loader_path/Frameworks",
				);
				PRODUCT_BUNDLE_IDENTIFIER = ignacio.CocktailsAppUITests;
				PRODUCT_NAME = "$(TARGET_NAME)";
				SWIFT_VERSION = 5.0;
				TARGETED_DEVICE_FAMILY = "1,2";
				TEST_TARGET_NAME = CocktailsApp;
			};
			name = Release;
		};
/* End XCBuildConfiguration section */

/* Begin XCConfigurationList section */
		4FBAAC902694A3D000142746 /* Build configuration list for PBXProject "CocktailsApp" */ = {
			isa = XCConfigurationList;
			buildConfigurations = (
				4FBAACBD2694A3D100142746 /* Debug */,
				4FBAACBE2694A3D100142746 /* Release */,
			);
			defaultConfigurationIsVisible = 0;
			defaultConfigurationName = Release;
		};
		4FBAACBF2694A3D100142746 /* Build configuration list for PBXNativeTarget "CocktailsApp" */ = {
			isa = XCConfigurationList;
			buildConfigurations = (
				4FBAACC02694A3D100142746 /* Debug */,
				4FBAACC12694A3D100142746 /* Release */,
			);
			defaultConfigurationIsVisible = 0;
			defaultConfigurationName = Release;
		};
		4FBAACC22694A3D100142746 /* Build configuration list for PBXNativeTarget "CocktailsAppTests" */ = {
			isa = XCConfigurationList;
			buildConfigurations = (
				4FBAACC32694A3D100142746 /* Debug */,
				4FBAACC42694A3D100142746 /* Release */,
			);
			defaultConfigurationIsVisible = 0;
			defaultConfigurationName = Release;
		};
		4FBAACC52694A3D100142746 /* Build configuration list for PBXNativeTarget "CocktailsAppUITests" */ = {
			isa = XCConfigurationList;
			buildConfigurations = (
				4FBAACC62694A3D100142746 /* Debug */,
				4FBAACC72694A3D100142746 /* Release */,
			);
			defaultConfigurationIsVisible = 0;
			defaultConfigurationName = Release;
		};
/* End XCConfigurationList section */
	};
	rootObject = 4FBAAC8D2694A3D000142746 /* Project object */;
}
